
Microsoft Visual Studio Solution File, Format Version 12.00
# Visual Studio 15
VisualStudioVersion = 15.0.28307.572
MinimumVisualStudioVersion = 10.0.40219.1
Project("{9A19103F-16F7-4668-BE54-9A1E7A4F7556}") = "wj.AgnosticSql", "wj.AgnosticSql\wj.AgnosticSql.csproj", "{C9C1D327-17E7-4041-A2BC-41DCF1BFDDF6}"
EndProject
Global
	GlobalSection(SolutionConfigurationPlatforms) = preSolution
		Debug|Any CPU = Debug|Any CPU
		Release|Any CPU = Release|Any CPU
	EndGlobalSection
	GlobalSection(ProjectConfigurationPlatforms) = postSolution
		{C9C1D327-17E7-4041-A2BC-41DCF1BFDDF6}.Debug|Any CPU.ActiveCfg = Debug|Any CPU
		{C9C1D327-17E7-4041-A2BC-41DCF1BFDDF6}.Debug|Any CPU.Build.0 = Debug|Any CPU
		{C9C1D327-17E7-4041-A2BC-41DCF1BFDDF6}.Release|Any CPU.ActiveCfg = Release|Any CPU
		{C9C1D327-17E7-4041-A2BC-41DCF1BFDDF6}.Release|Any CPU.Build.0 = Release|Any CPU
	EndGlobalSection
	GlobalSection(SolutionProperties) = preSolution
		HideSolutionNode = FALSE
	EndGlobalSection
	GlobalSection(ExtensibilityGlobals) = postSolution
		SolutionGuid = {53761D6F-4483-4A87-9371-9813DBB627A7}
	EndGlobalSection
EndGlobal
